// !$*UTF8*$!
{
	archiveVersion = 1;
	classes = {
	};
	objectVersion = 50;
	objects = {

/* Begin PBXBuildFile section */
		BB38DCE3254F87E900550E64 /* PeripheralItem.swift in Sources */ = {isa = PBXBuildFile; fileRef = BB38DCE2254F87E900550E64 /* PeripheralItem.swift */; };
		BB7716C524FEC65A00B5D1F3 /* AppDelegate.swift in Sources */ = {isa = PBXBuildFile; fileRef = BB7716C424FEC65A00B5D1F3 /* AppDelegate.swift */; };
		BB7716C724FEC65A00B5D1F3 /* SceneDelegate.swift in Sources */ = {isa = PBXBuildFile; fileRef = BB7716C624FEC65A00B5D1F3 /* SceneDelegate.swift */; };
		BB7716C924FEC65A00B5D1F3 /* ViewController.swift in Sources */ = {isa = PBXBuildFile; fileRef = BB7716C824FEC65A00B5D1F3 /* ViewController.swift */; };
		BB7716CC24FEC65A00B5D1F3 /* Main.storyboard in Resources */ = {isa = PBXBuildFile; fileRef = BB7716CA24FEC65A00B5D1F3 /* Main.storyboard */; };
		BB7716CE24FEC65B00B5D1F3 /* Assets.xcassets in Resources */ = {isa = PBXBuildFile; fileRef = BB7716CD24FEC65B00B5D1F3 /* Assets.xcassets */; };
		BB7716D124FEC65B00B5D1F3 /* LaunchScreen.storyboard in Resources */ = {isa = PBXBuildFile; fileRef = BB7716CF24FEC65B00B5D1F3 /* LaunchScreen.storyboard */; };
		BB7716DC24FEC65B00B5D1F3 /* BrainCo_STEMKit_AppTests.swift in Sources */ = {isa = PBXBuildFile; fileRef = BB7716DB24FEC65B00B5D1F3 /* BrainCo_STEMKit_AppTests.swift */; };
		BB893679250BC50200E9F46A /* RCViewController.swift in Sources */ = {isa = PBXBuildFile; fileRef = BB893678250BC50200E9F46A /* RCViewController.swift */; };
		BB89367F250C1CBE00E9F46A /* MenuViewController.swift in Sources */ = {isa = PBXBuildFile; fileRef = BB89367E250C1CBE00E9F46A /* MenuViewController.swift */; };
		BB893685251565CE00E9F46A /* ParticlePeripheral.swift in Sources */ = {isa = PBXBuildFile; fileRef = BB893684251565CE00E9F46A /* ParticlePeripheral.swift */; };
		BB8936872522A11D00E9F46A /* BluetoothTableViewController.swift in Sources */ = {isa = PBXBuildFile; fileRef = BB8936862522A11D00E9F46A /* BluetoothTableViewController.swift */; };
		BB93A42B25367E48004BA04F /* BluetoothClass.swift in Sources */ = {isa = PBXBuildFile; fileRef = BB93A42A25367E48004BA04F /* BluetoothClass.swift */; };
/* End PBXBuildFile section */

/* Begin PBXContainerItemProxy section */
		BB7716D824FEC65B00B5D1F3 /* PBXContainerItemProxy */ = {
			isa = PBXContainerItemProxy;
			containerPortal = BB7716B924FEC65A00B5D1F3 /* Project object */;
			proxyType = 1;
			remoteGlobalIDString = BB7716C024FEC65A00B5D1F3;
			remoteInfo = BrainCo_STEMKit_App;
		};
/* End PBXContainerItemProxy section */

/* Begin PBXFileReference section */
		BB38DCE2254F87E900550E64 /* PeripheralItem.swift */ = {isa = PBXFileReference; lastKnownFileType = sourcecode.swift; path = PeripheralItem.swift; sourceTree = "<group>"; };
		BB7716C124FEC65A00B5D1F3 /* BrainCo_STEMKit_App.app */ = {isa = PBXFileReference; explicitFileType = wrapper.application; includeInIndex = 0; path = BrainCo_STEMKit_App.app; sourceTree = BUILT_PRODUCTS_DIR; };
		BB7716C424FEC65A00B5D1F3 /* AppDelegate.swift */ = {isa = PBXFileReference; lastKnownFileType = sourcecode.swift; path = AppDelegate.swift; sourceTree = "<group>"; };
		BB7716C624FEC65A00B5D1F3 /* SceneDelegate.swift */ = {isa = PBXFileReference; lastKnownFileType = sourcecode.swift; path = SceneDelegate.swift; sourceTree = "<group>"; };
		BB7716C824FEC65A00B5D1F3 /* ViewController.swift */ = {isa = PBXFileReference; lastKnownFileType = sourcecode.swift; path = ViewController.swift; sourceTree = "<group>"; };
		BB7716CB24FEC65A00B5D1F3 /* Base */ = {isa = PBXFileReference; lastKnownFileType = file.storyboard; name = Base; path = Base.lproj/Main.storyboard; sourceTree = "<group>"; };
		BB7716CD24FEC65B00B5D1F3 /* Assets.xcassets */ = {isa = PBXFileReference; lastKnownFileType = folder.assetcatalog; path = Assets.xcassets; sourceTree = "<group>"; };
		BB7716D024FEC65B00B5D1F3 /* Base */ = {isa = PBXFileReference; lastKnownFileType = file.storyboard; name = Base; path = Base.lproj/LaunchScreen.storyboard; sourceTree = "<group>"; };
		BB7716D224FEC65B00B5D1F3 /* Info.plist */ = {isa = PBXFileReference; lastKnownFileType = text.plist.xml; path = Info.plist; sourceTree = "<group>"; };
		BB7716D724FEC65B00B5D1F3 /* BrainCo_STEMKit_AppTests.xctest */ = {isa = PBXFileReference; explicitFileType = wrapper.cfbundle; includeInIndex = 0; path = BrainCo_STEMKit_AppTests.xctest; sourceTree = BUILT_PRODUCTS_DIR; };
		BB7716DB24FEC65B00B5D1F3 /* BrainCo_STEMKit_AppTests.swift */ = {isa = PBXFileReference; lastKnownFileType = sourcecode.swift; path = BrainCo_STEMKit_AppTests.swift; sourceTree = "<group>"; };
		BB7716DD24FEC65B00B5D1F3 /* Info.plist */ = {isa = PBXFileReference; lastKnownFileType = text.plist.xml; path = Info.plist; sourceTree = "<group>"; };
		BB893678250BC50200E9F46A /* RCViewController.swift */ = {isa = PBXFileReference; lastKnownFileType = sourcecode.swift; path = RCViewController.swift; sourceTree = "<group>"; };
		BB89367E250C1CBE00E9F46A /* MenuViewController.swift */ = {isa = PBXFileReference; lastKnownFileType = sourcecode.swift; path = MenuViewController.swift; sourceTree = "<group>"; };
		BB893684251565CE00E9F46A /* ParticlePeripheral.swift */ = {isa = PBXFileReference; lastKnownFileType = sourcecode.swift; path = ParticlePeripheral.swift; sourceTree = "<group>"; };
		BB8936862522A11D00E9F46A /* BluetoothTableViewController.swift */ = {isa = PBXFileReference; lastKnownFileType = sourcecode.swift; name = BluetoothTableViewController.swift; path = BrainCo_STEMKit_App/Controller/BluetoothTableViewController.swift; sourceTree = SOURCE_ROOT; };
		BB93A42A25367E48004BA04F /* BluetoothClass.swift */ = {isa = PBXFileReference; lastKnownFileType = sourcecode.swift; path = BluetoothClass.swift; sourceTree = "<group>"; };
/* End PBXFileReference section */

/* Begin PBXFrameworksBuildPhase section */
		BB7716BE24FEC65A00B5D1F3 /* Frameworks */ = {
			isa = PBXFrameworksBuildPhase;
			buildActionMask = 2147483647;
			files = (
			);
			runOnlyForDeploymentPostprocessing = 0;
		};
		BB7716D424FEC65B00B5D1F3 /* Frameworks */ = {
			isa = PBXFrameworksBuildPhase;
			buildActionMask = 2147483647;
			files = (
			);
			runOnlyForDeploymentPostprocessing = 0;
		};
/* End PBXFrameworksBuildPhase section */

/* Begin PBXGroup section */
		BB7716B824FEC65A00B5D1F3 = {
			isa = PBXGroup;
			children = (
				BB7716C324FEC65A00B5D1F3 /* BrainCo_STEMKit_App */,
				BB7716DA24FEC65B00B5D1F3 /* BrainCo_STEMKit_AppTests */,
				BB7716C224FEC65A00B5D1F3 /* Products */,
			);
			sourceTree = "<group>";
		};
		BB7716C224FEC65A00B5D1F3 /* Products */ = {
			isa = PBXGroup;
			children = (
				BB7716C124FEC65A00B5D1F3 /* BrainCo_STEMKit_App.app */,
				BB7716D724FEC65B00B5D1F3 /* BrainCo_STEMKit_AppTests.xctest */,
			);
			name = Products;
			sourceTree = "<group>";
		};
		BB7716C324FEC65A00B5D1F3 /* BrainCo_STEMKit_App */ = {
			isa = PBXGroup;
			children = (
				BB89367C250C1B3A00E9F46A /* View */,
				BB89367D250C1B4500E9F46A /* Controller */,
				BB89367B250C1B2C00E9F46A /* Model */,
				BB7716C424FEC65A00B5D1F3 /* AppDelegate.swift */,
				BB7716C624FEC65A00B5D1F3 /* SceneDelegate.swift */,
				BB7716CD24FEC65B00B5D1F3 /* Assets.xcassets */,
				BB7716D224FEC65B00B5D1F3 /* Info.plist */,
			);
			path = BrainCo_STEMKit_App;
			sourceTree = "<group>";
		};
		BB7716DA24FEC65B00B5D1F3 /* BrainCo_STEMKit_AppTests */ = {
			isa = PBXGroup;
			children = (
				BB7716DB24FEC65B00B5D1F3 /* BrainCo_STEMKit_AppTests.swift */,
				BB7716DD24FEC65B00B5D1F3 /* Info.plist */,
			);
			path = BrainCo_STEMKit_AppTests;
			sourceTree = "<group>";
		};
		BB89367B250C1B2C00E9F46A /* Model */ = {
			isa = PBXGroup;
			children = (
				BB893684251565CE00E9F46A /* ParticlePeripheral.swift */,
				BB93A42A25367E48004BA04F /* BluetoothClass.swift */,
				BB38DCE2254F87E900550E64 /* PeripheralItem.swift */,
			);
			path = Model;
			sourceTree = "<group>";
		};
		BB89367C250C1B3A00E9F46A /* View */ = {
			isa = PBXGroup;
			children = (
				BB7716CA24FEC65A00B5D1F3 /* Main.storyboard */,
				BB7716CF24FEC65B00B5D1F3 /* LaunchScreen.storyboard */,
			);
			path = View;
			sourceTree = "<group>";
		};
		BB89367D250C1B4500E9F46A /* Controller */ = {
			isa = PBXGroup;
			children = (
				BB89367E250C1CBE00E9F46A /* MenuViewController.swift */,
				BB8936862522A11D00E9F46A /* BluetoothTableViewController.swift */,
				BB893678250BC50200E9F46A /* RCViewController.swift */,
				BB7716C824FEC65A00B5D1F3 /* ViewController.swift */,
			);
			path = Controller;
			sourceTree = "<group>";
		};
/* End PBXGroup section */

/* Begin PBXNativeTarget section */
		BB7716C024FEC65A00B5D1F3 /* BrainCo_STEMKit_App */ = {
			isa = PBXNativeTarget;
			buildConfigurationList = BB7716E024FEC65B00B5D1F3 /* Build configuration list for PBXNativeTarget "BrainCo_STEMKit_App" */;
			buildPhases = (
				BB7716BD24FEC65A00B5D1F3 /* Sources */,
				BB7716BE24FEC65A00B5D1F3 /* Frameworks */,
				BB7716BF24FEC65A00B5D1F3 /* Resources */,
			);
			buildRules = (
			);
			dependencies = (
			);
			name = BrainCo_STEMKit_App;
			productName = BrainCo_STEMKit_App;
			productReference = BB7716C124FEC65A00B5D1F3 /* BrainCo_STEMKit_App.app */;
			productType = "com.apple.product-type.application";
		};
		BB7716D624FEC65B00B5D1F3 /* BrainCo_STEMKit_AppTests */ = {
			isa = PBXNativeTarget;
			buildConfigurationList = BB7716E324FEC65B00B5D1F3 /* Build configuration list for PBXNativeTarget "BrainCo_STEMKit_AppTests" */;
			buildPhases = (
				BB7716D324FEC65B00B5D1F3 /* Sources */,
				BB7716D424FEC65B00B5D1F3 /* Frameworks */,
				BB7716D524FEC65B00B5D1F3 /* Resources */,
			);
			buildRules = (
			);
			dependencies = (
				BB7716D924FEC65B00B5D1F3 /* PBXTargetDependency */,
			);
			name = BrainCo_STEMKit_AppTests;
			productName = BrainCo_STEMKit_AppTests;
			productReference = BB7716D724FEC65B00B5D1F3 /* BrainCo_STEMKit_AppTests.xctest */;
			productType = "com.apple.product-type.bundle.unit-test";
		};
/* End PBXNativeTarget section */

/* Begin PBXProject section */
		BB7716B924FEC65A00B5D1F3 /* Project object */ = {
			isa = PBXProject;
			attributes = {
				LastSwiftUpdateCheck = 1160;
				LastUpgradeCheck = 1160;
				ORGANIZATIONNAME = "Zheng Liu";
				TargetAttributes = {
					BB7716C024FEC65A00B5D1F3 = {
						CreatedOnToolsVersion = 11.6;
					};
					BB7716D624FEC65B00B5D1F3 = {
						CreatedOnToolsVersion = 11.6;
						TestTargetID = BB7716C024FEC65A00B5D1F3;
					};
				};
			};
			buildConfigurationList = BB7716BC24FEC65A00B5D1F3 /* Build configuration list for PBXProject "BrainCo_STEMKit_App" */;
			compatibilityVersion = "Xcode 9.3";
			developmentRegion = en;
			hasScannedForEncodings = 0;
			knownRegions = (
				en,
				Base,
			);
			mainGroup = BB7716B824FEC65A00B5D1F3;
			productRefGroup = BB7716C224FEC65A00B5D1F3 /* Products */;
			projectDirPath = "";
			projectRoot = "";
			targets = (
				BB7716C024FEC65A00B5D1F3 /* BrainCo_STEMKit_App */,
				BB7716D624FEC65B00B5D1F3 /* BrainCo_STEMKit_AppTests */,
			);
		};
/* End PBXProject section */

/* Begin PBXResourcesBuildPhase section */
		BB7716BF24FEC65A00B5D1F3 /* Resources */ = {
			isa = PBXResourcesBuildPhase;
			buildActionMask = 2147483647;
			files = (
				BB7716D124FEC65B00B5D1F3 /* LaunchScreen.storyboard in Resources */,
				BB7716CE24FEC65B00B5D1F3 /* Assets.xcassets in Resources */,
				BB7716CC24FEC65A00B5D1F3 /* Main.storyboard in Resources */,
			);
			runOnlyForDeploymentPostprocessing = 0;
		};
		BB7716D524FEC65B00B5D1F3 /* Resources */ = {
			isa = PBXResourcesBuildPhase;
			buildActionMask = 2147483647;
			files = (
			);
			runOnlyForDeploymentPostprocessing = 0;
		};
/* End PBXResourcesBuildPhase section */

/* Begin PBXSourcesBuildPhase section */
		BB7716BD24FEC65A00B5D1F3 /* Sources */ = {
			isa = PBXSourcesBuildPhase;
			buildActionMask = 2147483647;
			files = (
				BB7716C924FEC65A00B5D1F3 /* ViewController.swift in Sources */,
				BB8936872522A11D00E9F46A /* BluetoothTableViewController.swift in Sources */,
				BB89367F250C1CBE00E9F46A /* MenuViewController.swift in Sources */,
				BB93A42B25367E48004BA04F /* BluetoothClass.swift in Sources */,
				BB893685251565CE00E9F46A /* ParticlePeripheral.swift in Sources */,
				BB893679250BC50200E9F46A /* RCViewController.swift in Sources */,
				BB7716C524FEC65A00B5D1F3 /* AppDelegate.swift in Sources */,
				BB38DCE3254F87E900550E64 /* PeripheralItem.swift in Sources */,
				BB7716C724FEC65A00B5D1F3 /* SceneDelegate.swift in Sources */,
			);
			runOnlyForDeploymentPostprocessing = 0;
		};
		BB7716D324FEC65B00B5D1F3 /* Sources */ = {
			isa = PBXSourcesBuildPhase;
			buildActionMask = 2147483647;
			files = (
				BB7716DC24FEC65B00B5D1F3 /* BrainCo_STEMKit_AppTests.swift in Sources */,
			);
			runOnlyForDeploymentPostprocessing = 0;
		};
/* End PBXSourcesBuildPhase section */

/* Begin PBXTargetDependency section */
		BB7716D924FEC65B00B5D1F3 /* PBXTargetDependency */ = {
			isa = PBXTargetDependency;
			target = BB7716C024FEC65A00B5D1F3 /* BrainCo_STEMKit_App */;
			targetProxy = BB7716D824FEC65B00B5D1F3 /* PBXContainerItemProxy */;
		};
/* End PBXTargetDependency section */

/* Begin PBXVariantGroup section */
		BB7716CA24FEC65A00B5D1F3 /* Main.storyboard */ = {
			isa = PBXVariantGroup;
			children = (
				BB7716CB24FEC65A00B5D1F3 /* Base */,
			);
			name = Main.storyboard;
			sourceTree = "<group>";
		};
		BB7716CF24FEC65B00B5D1F3 /* LaunchScreen.storyboard */ = {
			isa = PBXVariantGroup;
			children = (
				BB7716D024FEC65B00B5D1F3 /* Base */,
			);
			name = LaunchScreen.storyboard;
			sourceTree = "<group>";
		};
/* End PBXVariantGroup section */

/* Begin XCBuildConfiguration section */
		BB7716DE24FEC65B00B5D1F3 /* Debug */ = {
			isa = XCBuildConfiguration;
			buildSettings = {
				ALWAYS_SEARCH_USER_PATHS = NO;
				CLANG_ANALYZER_NONNULL = YES;
				CLANG_ANALYZER_NUMBER_OBJECT_CONVERSION = YES_AGGRESSIVE;
				CLANG_CXX_LANGUAGE_STANDARD = "gnu++14";
				CLANG_CXX_LIBRARY = "libc++";
				CLANG_ENABLE_MODULES = YES;
				CLANG_ENABLE_OBJC_ARC = YES;
				CLANG_ENABLE_OBJC_WEAK = YES;
				CLANG_WARN_BLOCK_CAPTURE_AUTORELEASING = YES;
				CLANG_WARN_BOOL_CONVERSION = YES;
				CLANG_WARN_COMMA = YES;
				CLANG_WARN_CONSTANT_CONVERSION = YES;
				CLANG_WARN_DEPRECATED_OBJC_IMPLEMENTATIONS = YES;
				CLANG_WARN_DIRECT_OBJC_ISA_USAGE = YES_ERROR;
				CLANG_WARN_DOCUMENTATION_COMMENTS = YES;
				CLANG_WARN_EMPTY_BODY = YES;
				CLANG_WARN_ENUM_CONVERSION = YES;
				CLANG_WARN_INFINITE_RECURSION = YES;
				CLANG_WARN_INT_CONVERSION = YES;
				CLANG_WARN_NON_LITERAL_NULL_CONVERSION = YES;
				CLANG_WARN_OBJC_IMPLICIT_RETAIN_SELF = YES;
				CLANG_WARN_OBJC_LITERAL_CONVERSION = YES;
				CLANG_WARN_OBJC_ROOT_CLASS = YES_ERROR;
				CLANG_WARN_RANGE_LOOP_ANALYSIS = YES;
				CLANG_WARN_STRICT_PROTOTYPES = YES;
				CLANG_WARN_SUSPICIOUS_MOVE = YES;
				CLANG_WARN_UNGUARDED_AVAILABILITY = YES_AGGRESSIVE;
				CLANG_WARN_UNREACHABLE_CODE = YES;
				CLANG_WARN__DUPLICATE_METHOD_MATCH = YES;
				COPY_PHASE_STRIP = NO;
				DEBUG_INFORMATION_FORMAT = dwarf;
				ENABLE_STRICT_OBJC_MSGSEND = YES;
				ENABLE_TESTABILITY = YES;
				GCC_C_LANGUAGE_STANDARD = gnu11;
				GCC_DYNAMIC_NO_PIC = NO;
				GCC_NO_COMMON_BLOCKS = YES;
				GCC_OPTIMIZATION_LEVEL = 0;
				GCC_PREPROCESSOR_DEFINITIONS = (
					"DEBUG=1",
					"$(inherited)",
				);
				GCC_WARN_64_TO_32_BIT_CONVERSION = YES;
				GCC_WARN_ABOUT_RETURN_TYPE = YES_ERROR;
				GCC_WARN_UNDECLARED_SELECTOR = YES;
				GCC_WARN_UNINITIALIZED_AUTOS = YES_AGGRESSIVE;
				GCC_WARN_UNUSED_FUNCTION = YES;
				GCC_WARN_UNUSED_VARIABLE = YES;
				IPHONEOS_DEPLOYMENT_TARGET = 13.6;
				MTL_ENABLE_DEBUG_INFO = INCLUDE_SOURCE;
				MTL_FAST_MATH = YES;
				ONLY_ACTIVE_ARCH = YES;
				SDKROOT = iphoneos;
				SWIFT_ACTIVE_COMPILATION_CONDITIONS = DEBUG;
				SWIFT_OPTIMIZATION_LEVEL = "-Onone";
			};
			name = Debug;
		};
		BB7716DF24FEC65B00B5D1F3 /* Release */ = {
			isa = XCBuildConfiguration;
			buildSettings = {
				ALWAYS_SEARCH_USER_PATHS = NO;
				CLANG_ANALYZER_NONNULL = YES;
				CLANG_ANALYZER_NUMBER_OBJECT_CONVERSION = YES_AGGRESSIVE;
				CLANG_CXX_LANGUAGE_STANDARD = "gnu++14";
				CLANG_CXX_LIBRARY = "libc++";
				CLANG_ENABLE_MODULES = YES;
				CLANG_ENABLE_OBJC_ARC = YES;
				CLANG_ENABLE_OBJC_WEAK = YES;
				CLANG_WARN_BLOCK_CAPTURE_AUTORELEASING = YES;
				CLANG_WARN_BOOL_CONVERSION = YES;
				CLANG_WARN_COMMA = YES;
				CLANG_WARN_CONSTANT_CONVERSION = YES;
				CLANG_WARN_DEPRECATED_OBJC_IMPLEMENTATIONS = YES;
				CLANG_WARN_DIRECT_OBJC_ISA_USAGE = YES_ERROR;
				CLANG_WARN_DOCUMENTATION_COMMENTS = YES;
				CLANG_WARN_EMPTY_BODY = YES;
				CLANG_WARN_ENUM_CONVERSION = YES;
				CLANG_WARN_INFINITE_RECURSION = YES;
				CLANG_WARN_INT_CONVERSION = YES;
				CLANG_WARN_NON_LITERAL_NULL_CONVERSION = YES;
				CLANG_WARN_OBJC_IMPLICIT_RETAIN_SELF = YES;
				CLANG_WARN_OBJC_LITERAL_CONVERSION = YES;
				CLANG_WARN_OBJC_ROOT_CLASS = YES_ERROR;
				CLANG_WARN_RANGE_LOOP_ANALYSIS = YES;
				CLANG_WARN_STRICT_PROTOTYPES = YES;
				CLANG_WARN_SUSPICIOUS_MOVE = YES;
				CLANG_WARN_UNGUARDED_AVAILABILITY = YES_AGGRESSIVE;
				CLANG_WARN_UNREACHABLE_CODE = YES;
				CLANG_WARN__DUPLICATE_METHOD_MATCH = YES;
				COPY_PHASE_STRIP = NO;
				DEBUG_INFORMATION_FORMAT = "dwarf-with-dsym";
				ENABLE_NS_ASSERTIONS = NO;
				ENABLE_STRICT_OBJC_MSGSEND = YES;
				GCC_C_LANGUAGE_STANDARD = gnu11;
				GCC_NO_COMMON_BLOCKS = YES;
				GCC_WARN_64_TO_32_BIT_CONVERSION = YES;
				GCC_WARN_ABOUT_RETURN_TYPE = YES_ERROR;
				GCC_WARN_UNDECLARED_SELECTOR = YES;
				GCC_WARN_UNINITIALIZED_AUTOS = YES_AGGRESSIVE;
				GCC_WARN_UNUSED_FUNCTION = YES;
				GCC_WARN_UNUSED_VARIABLE = YES;
				IPHONEOS_DEPLOYMENT_TARGET = 13.6;
				MTL_ENABLE_DEBUG_INFO = NO;
				MTL_FAST_MATH = YES;
				SDKROOT = iphoneos;
				SWIFT_COMPILATION_MODE = wholemodule;
				SWIFT_OPTIMIZATION_LEVEL = "-O";
				VALIDATE_PRODUCT = YES;
			};
			name = Release;
		};
		BB7716E124FEC65B00B5D1F3 /* Debug */ = {
			isa = XCBuildConfiguration;
			buildSettings = {
				ASSETCATALOG_COMPILER_APPICON_NAME = AppIcon;
				CODE_SIGN_STYLE = Automatic;
				DEVELOPMENT_TEAM = STYLRU4M7M;
				INFOPLIST_FILE = BrainCo_STEMKit_App/Info.plist;
				LD_RUNPATH_SEARCH_PATHS = (
					"$(inherited)",
					"@executable_path/Frameworks",
				);
				PRODUCT_BUNDLE_IDENTIFIER = "com.zhengliu.BrainCo-STEMKit-App";
				PRODUCT_NAME = "$(TARGET_NAME)";
				SWIFT_VERSION = 5.0;
				TARGETED_DEVICE_FAMILY = "1,2";
			};
			name = Debug;
		};
		BB7716E224FEC65B00B5D1F3 /* Release */ = {
			isa = XCBuildConfiguration;
			buildSettings = {
				ASSETCATALOG_COMPILER_APPICON_NAME = AppIcon;
				CODE_SIGN_STYLE = Automatic;
				DEVELOPMENT_TEAM = STYLRU4M7M;
				INFOPLIST_FILE = BrainCo_STEMKit_App/Info.plist;
				LD_RUNPATH_SEARCH_PATHS = (
					"$(inherited)",
					"@executable_path/Frameworks",
				);
				PRODUCT_BUNDLE_IDENTIFIER = "com.zhengliu.BrainCo-STEMKit-App";
				PRODUCT_NAME = "$(TARGET_NAME)";
				SWIFT_VERSION = 5.0;
				TARGETED_DEVICE_FAMILY = "1,2";
			};
			name = Release;
		};
		BB7716E424FEC65B00B5D1F3 /* Debug */ = {
			isa = XCBuildConfiguration;
			buildSettings = {
				ALWAYS_EMBED_SWIFT_STANDARD_LIBRARIES = YES;
				BUNDLE_LOADER = "$(TEST_HOST)";
				CODE_SIGN_STYLE = Automatic;
				INFOPLIST_FILE = BrainCo_STEMKit_AppTests/Info.plist;
				IPHONEOS_DEPLOYMENT_TARGET = 13.6;
				LD_RUNPATH_SEARCH_PATHS = (
					"$(inherited)",
					"@executable_path/Frameworks",
					"@loader_path/Frameworks",
				);
				PRODUCT_BUNDLE_IDENTIFIER = "com.zhengliu.BrainCo-STEMKit-AppTests";
				PRODUCT_NAME = "$(TARGET_NAME)";
				SWIFT_VERSION = 5.0;
				TARGETED_DEVICE_FAMILY = "1,2";
				TEST_HOST = "$(BUILT_PRODUCTS_DIR)/BrainCo_STEMKit_App.app/BrainCo_STEMKit_App";
			};
			name = Debug;
		};
		BB7716E524FEC65B00B5D1F3 /* Release */ = {
			isa = XCBuildConfiguration;
			buildSettings = {
				ALWAYS_EMBED_SWIFT_STANDARD_LIBRARIES = YES;
				BUNDLE_LOADER = "$(TEST_HOST)";
				CODE_SIGN_STYLE = Automatic;
				INFOPLIST_FILE = BrainCo_STEMKit_AppTests/Info.plist;
				IPHONEOS_DEPLOYMENT_TARGET = 13.6;
				LD_RUNPATH_SEARCH_PATHS = (
					"$(inherited)",
					"@executable_path/Frameworks",
					"@loader_path/Frameworks",
				);
				PRODUCT_BUNDLE_IDENTIFIER = "com.zhengliu.BrainCo-STEMKit-AppTests";
				PRODUCT_NAME = "$(TARGET_NAME)";
				SWIFT_VERSION = 5.0;
				TARGETED_DEVICE_FAMILY = "1,2";
				TEST_HOST = "$(BUILT_PRODUCTS_DIR)/BrainCo_STEMKit_App.app/BrainCo_STEMKit_App";
			};
			name = Release;
		};
/* End XCBuildConfiguration section */

/* Begin XCConfigurationList section */
		BB7716BC24FEC65A00B5D1F3 /* Build configuration list for PBXProject "BrainCo_STEMKit_App" */ = {
			isa = XCConfigurationList;
			buildConfigurations = (
				BB7716DE24FEC65B00B5D1F3 /* Debug */,
				BB7716DF24FEC65B00B5D1F3 /* Release */,
			);
			defaultConfigurationIsVisible = 0;
			defaultConfigurationName = Release;
		};
		BB7716E024FEC65B00B5D1F3 /* Build configuration list for PBXNativeTarget "BrainCo_STEMKit_App" */ = {
			isa = XCConfigurationList;
			buildConfigurations = (
				BB7716E124FEC65B00B5D1F3 /* Debug */,
				BB7716E224FEC65B00B5D1F3 /* Release */,
			);
			defaultConfigurationIsVisible = 0;
			defaultConfigurationName = Release;
		};
		BB7716E324FEC65B00B5D1F3 /* Build configuration list for PBXNativeTarget "BrainCo_STEMKit_AppTests" */ = {
			isa = XCConfigurationList;
			buildConfigurations = (
				BB7716E424FEC65B00B5D1F3 /* Debug */,
				BB7716E524FEC65B00B5D1F3 /* Release */,
			);
			defaultConfigurationIsVisible = 0;
			defaultConfigurationName = Release;
		};
/* End XCConfigurationList section */
	};
	rootObject = BB7716B924FEC65A00B5D1F3 /* Project object */;
}
